
Microsoft Visual Studio Solution File, Format Version 11.0
# Visual Studio 2010
Project("{FAE04EC0-301F-11D3-BF4B-00C04F79EFBC}") = "QX.CSharp", "QX.CSharp.csproj", "{3C33B5AD-7DCF-5C54-768A-0F4E29AD9D30}"
EndProject
Project("{FAE04EC0-301F-11D3-BF4B-00C04F79EFBC}") = "QX.CSharp.Editor", "QX.CSharp.Editor.csproj", "{9931149D-499C-4349-EB89-9D3E012D7BD8}"
EndProject
Global
	GlobalSection(SolutionConfigurationPlatforms) = preSolution
		Debug|Any CPU = Debug|Any CPU
		Release|Any CPU = Release|Any CPU
	EndGlobalSection
	GlobalSection(ProjectConfigurationPlatforms) = postSolution
		{3C33B5AD-7DCF-5C54-768A-0F4E29AD9D30}.Debug|Any CPU.ActiveCfg = Debug|Any CPU
		{3C33B5AD-7DCF-5C54-768A-0F4E29AD9D30}.Debug|Any CPU.Build.0 = Debug|Any CPU
		{3C33B5AD-7DCF-5C54-768A-0F4E29AD9D30}.Release|Any CPU.ActiveCfg = Release|Any CPU
		{3C33B5AD-7DCF-5C54-768A-0F4E29AD9D30}.Release|Any CPU.Build.0 = Release|Any CPU
		{9931149D-499C-4349-EB89-9D3E012D7BD8}.Debug|Any CPU.ActiveCfg = Debug|Any CPU
		{9931149D-499C-4349-EB89-9D3E012D7BD8}.Debug|Any CPU.Build.0 = Debug|Any CPU
		{9931149D-499C-4349-EB89-9D3E012D7BD8}.Release|Any CPU.ActiveCfg = Release|Any CPU
		{9931149D-499C-4349-EB89-9D3E012D7BD8}.Release|Any CPU.Build.0 = Release|Any CPU
	EndGlobalSection
	GlobalSection(SolutionProperties) = preSolution
		HideSolutionNode = FALSE
	EndGlobalSection
EndGlobal
